// !$*UTF8*$!
{
	archiveVersion = 1;
	classes = {
	};
	objectVersion = 46;
	objects = {

/* Begin PBXBuildFile section */
		BD0628771C1C6B8200D6D376 /* Reachability.swift in Sources */ = {isa = PBXBuildFile; fileRef = BD0628761C1C6B8200D6D376 /* Reachability.swift */; };
		BD543BA01C093D030059280B /* AppDelegate.swift in Sources */ = {isa = PBXBuildFile; fileRef = BD543B9F1C093D030059280B /* AppDelegate.swift */; };
		BD543BA21C093D030059280B /* LoginViewController.swift in Sources */ = {isa = PBXBuildFile; fileRef = BD543BA11C093D030059280B /* LoginViewController.swift */; };
		BD543BA51C093D030059280B /* Main.storyboard in Resources */ = {isa = PBXBuildFile; fileRef = BD543BA31C093D030059280B /* Main.storyboard */; };
		BD543BA71C093D030059280B /* Assets.xcassets in Resources */ = {isa = PBXBuildFile; fileRef = BD543BA61C093D030059280B /* Assets.xcassets */; };
		BD543BAA1C093D030059280B /* LaunchScreen.storyboard in Resources */ = {isa = PBXBuildFile; fileRef = BD543BA81C093D030059280B /* LaunchScreen.storyboard */; };
		BD543BB51C093D030059280B /* On_The_MapTests.swift in Sources */ = {isa = PBXBuildFile; fileRef = BD543BB41C093D030059280B /* On_The_MapTests.swift */; };
		BD543BC01C093D030059280B /* On_The_MapUITests.swift in Sources */ = {isa = PBXBuildFile; fileRef = BD543BBF1C093D030059280B /* On_The_MapUITests.swift */; };
		BD6524161C190EA20086E82F /* ShareStudentData.swift in Sources */ = {isa = PBXBuildFile; fileRef = BD6524151C190EA20086E82F /* ShareStudentData.swift */; };
		BDE715631C09EE06003BDE12 /* UdacityParseClient.swift in Sources */ = {isa = PBXBuildFile; fileRef = BDE715621C09EE06003BDE12 /* UdacityParseClient.swift */; };
		BDE715651C09EF0C003BDE12 /* UdacityStudent.swift in Sources */ = {isa = PBXBuildFile; fileRef = BDE715641C09EF0C003BDE12 /* UdacityStudent.swift */; };
		BDE715671C09F075003BDE12 /* UdacityParseConstants.swift in Sources */ = {isa = PBXBuildFile; fileRef = BDE715661C09F075003BDE12 /* UdacityParseConstants.swift */; };
		BDE715691C0B44F1003BDE12 /* WebViewController.swift in Sources */ = {isa = PBXBuildFile; fileRef = BDE715681C0B44F1003BDE12 /* WebViewController.swift */; };
		BDE7156B1C0B52DB003BDE12 /* UdacityParseConvenience.swift in Sources */ = {isa = PBXBuildFile; fileRef = BDE7156A1C0B52DB003BDE12 /* UdacityParseConvenience.swift */; };
		BDE7156D1C0C930C003BDE12 /* MapViewController.swift in Sources */ = {isa = PBXBuildFile; fileRef = BDE7156C1C0C930C003BDE12 /* MapViewController.swift */; };
		BDE7156F1C10ACB7003BDE12 /* TableViewController.swift in Sources */ = {isa = PBXBuildFile; fileRef = BDE7156E1C10ACB7003BDE12 /* TableViewController.swift */; };
		BDE715711C1370F6003BDE12 /* InfoPostViewController.swift in Sources */ = {isa = PBXBuildFile; fileRef = BDE715701C1370F6003BDE12 /* InfoPostViewController.swift */; };
		BDE715741C14AD06003BDE12 /* SpecialButton.swift in Sources */ = {isa = PBXBuildFile; fileRef = BDE715731C14AD06003BDE12 /* SpecialButton.swift */; };
/* End PBXBuildFile section */

/* Begin PBXContainerItemProxy section */
		BD543BB11C093D030059280B /* PBXContainerItemProxy */ = {
			isa = PBXContainerItemProxy;
			containerPortal = BD543B941C093D030059280B /* Project object */;
			proxyType = 1;
			remoteGlobalIDString = BD543B9B1C093D030059280B;
			remoteInfo = "On The Map";
		};
		BD543BBC1C093D030059280B /* PBXContainerItemProxy */ = {
			isa = PBXContainerItemProxy;
			containerPortal = BD543B941C093D030059280B /* Project object */;
			proxyType = 1;
			remoteGlobalIDString = BD543B9B1C093D030059280B;
			remoteInfo = "On The Map";
		};
/* End PBXContainerItemProxy section */

/* Begin PBXFileReference section */
		BD0628761C1C6B8200D6D376 /* Reachability.swift */ = {isa = PBXFileReference; fileEncoding = 4; lastKnownFileType = sourcecode.swift; path = Reachability.swift; sourceTree = "<group>"; };
		BD543B9C1C093D030059280B /* On The Map.app */ = {isa = PBXFileReference; explicitFileType = wrapper.application; includeInIndex = 0; path = "On The Map.app"; sourceTree = BUILT_PRODUCTS_DIR; };
		BD543B9F1C093D030059280B /* AppDelegate.swift */ = {isa = PBXFileReference; lastKnownFileType = sourcecode.swift; path = AppDelegate.swift; sourceTree = "<group>"; };
		BD543BA11C093D030059280B /* LoginViewController.swift */ = {isa = PBXFileReference; lastKnownFileType = sourcecode.swift; path = LoginViewController.swift; sourceTree = "<group>"; };
		BD543BA41C093D030059280B /* Base */ = {isa = PBXFileReference; lastKnownFileType = file.storyboard; name = Base; path = Base.lproj/Main.storyboard; sourceTree = "<group>"; };
		BD543BA61C093D030059280B /* Assets.xcassets */ = {isa = PBXFileReference; lastKnownFileType = folder.assetcatalog; path = Assets.xcassets; sourceTree = "<group>"; };
		BD543BA91C093D030059280B /* Base */ = {isa = PBXFileReference; lastKnownFileType = file.storyboard; name = Base; path = Base.lproj/LaunchScreen.storyboard; sourceTree = "<group>"; };
		BD543BAB1C093D030059280B /* Info.plist */ = {isa = PBXFileReference; lastKnownFileType = text.plist.xml; path = Info.plist; sourceTree = "<group>"; };
		BD543BB01C093D030059280B /* On The MapTests.xctest */ = {isa = PBXFileReference; explicitFileType = wrapper.cfbundle; includeInIndex = 0; path = "On The MapTests.xctest"; sourceTree = BUILT_PRODUCTS_DIR; };
		BD543BB41C093D030059280B /* On_The_MapTests.swift */ = {isa = PBXFileReference; lastKnownFileType = sourcecode.swift; path = On_The_MapTests.swift; sourceTree = "<group>"; };
		BD543BB61C093D030059280B /* Info.plist */ = {isa = PBXFileReference; lastKnownFileType = text.plist.xml; path = Info.plist; sourceTree = "<group>"; };
		BD543BBB1C093D030059280B /* On The MapUITests.xctest */ = {isa = PBXFileReference; explicitFileType = wrapper.cfbundle; includeInIndex = 0; path = "On The MapUITests.xctest"; sourceTree = BUILT_PRODUCTS_DIR; };
		BD543BBF1C093D030059280B /* On_The_MapUITests.swift */ = {isa = PBXFileReference; lastKnownFileType = sourcecode.swift; path = On_The_MapUITests.swift; sourceTree = "<group>"; };
		BD543BC11C093D030059280B /* Info.plist */ = {isa = PBXFileReference; lastKnownFileType = text.plist.xml; path = Info.plist; sourceTree = "<group>"; };
		BD6524151C190EA20086E82F /* ShareStudentData.swift */ = {isa = PBXFileReference; fileEncoding = 4; lastKnownFileType = sourcecode.swift; path = ShareStudentData.swift; sourceTree = "<group>"; };
		BDE715621C09EE06003BDE12 /* UdacityParseClient.swift */ = {isa = PBXFileReference; fileEncoding = 4; lastKnownFileType = sourcecode.swift; path = UdacityParseClient.swift; sourceTree = "<group>"; };
		BDE715641C09EF0C003BDE12 /* UdacityStudent.swift */ = {isa = PBXFileReference; fileEncoding = 4; lastKnownFileType = sourcecode.swift; path = UdacityStudent.swift; sourceTree = "<group>"; };
		BDE715661C09F075003BDE12 /* UdacityParseConstants.swift */ = {isa = PBXFileReference; fileEncoding = 4; lastKnownFileType = sourcecode.swift; path = UdacityParseConstants.swift; sourceTree = "<group>"; };
		BDE715681C0B44F1003BDE12 /* WebViewController.swift */ = {isa = PBXFileReference; fileEncoding = 4; lastKnownFileType = sourcecode.swift; path = WebViewController.swift; sourceTree = "<group>"; };
		BDE7156A1C0B52DB003BDE12 /* UdacityParseConvenience.swift */ = {isa = PBXFileReference; fileEncoding = 4; lastKnownFileType = sourcecode.swift; path = UdacityParseConvenience.swift; sourceTree = "<group>"; };
		BDE7156C1C0C930C003BDE12 /* MapViewController.swift */ = {isa = PBXFileReference; fileEncoding = 4; lastKnownFileType = sourcecode.swift; path = MapViewController.swift; sourceTree = "<group>"; };
		BDE7156E1C10ACB7003BDE12 /* TableViewController.swift */ = {isa = PBXFileReference; fileEncoding = 4; lastKnownFileType = sourcecode.swift; path = TableViewController.swift; sourceTree = "<group>"; };
		BDE715701C1370F6003BDE12 /* InfoPostViewController.swift */ = {isa = PBXFileReference; fileEncoding = 4; lastKnownFileType = sourcecode.swift; path = InfoPostViewController.swift; sourceTree = "<group>"; };
		BDE715731C14AD06003BDE12 /* SpecialButton.swift */ = {isa = PBXFileReference; fileEncoding = 4; lastKnownFileType = sourcecode.swift; path = SpecialButton.swift; sourceTree = "<group>"; };
/* End PBXFileReference section */

/* Begin PBXFrameworksBuildPhase section */
		BD543B991C093D030059280B /* Frameworks */ = {
			isa = PBXFrameworksBuildPhase;
			buildActionMask = 2147483647;
			files = (
			);
			runOnlyForDeploymentPostprocessing = 0;
		};
		BD543BAD1C093D030059280B /* Frameworks */ = {
			isa = PBXFrameworksBuildPhase;
			buildActionMask = 2147483647;
			files = (
			);
			runOnlyForDeploymentPostprocessing = 0;
		};
		BD543BB81C093D030059280B /* Frameworks */ = {
			isa = PBXFrameworksBuildPhase;
			buildActionMask = 2147483647;
			files = (
			);
			runOnlyForDeploymentPostprocessing = 0;
		};
/* End PBXFrameworksBuildPhase section */

/* Begin PBXGroup section */
		BD0628751C1C6B4300D6D376 /* Supporting */ = {
			isa = PBXGroup;
			children = (
				BD0628761C1C6B8200D6D376 /* Reachability.swift */,
			);
			name = Supporting;
			sourceTree = "<group>";
		};
		BD543B931C093D030059280B = {
			isa = PBXGroup;
			children = (
				BD674CA31C25BAE500E2252B /* Frameworks */,
				BD543B9E1C093D030059280B /* On The Map */,
				BD543BB31C093D030059280B /* On The MapTests */,
				BD543BBE1C093D030059280B /* On The MapUITests */,
				BD543B9D1C093D030059280B /* Products */,
			);
			sourceTree = "<group>";
		};
		BD543B9D1C093D030059280B /* Products */ = {
			isa = PBXGroup;
			children = (
				BD543B9C1C093D030059280B /* On The Map.app */,
				BD543BB01C093D030059280B /* On The MapTests.xctest */,
				BD543BBB1C093D030059280B /* On The MapUITests.xctest */,
			);
			name = Products;
			sourceTree = "<group>";
		};
		BD543B9E1C093D030059280B /* On The Map */ = {
			isa = PBXGroup;
			children = (
				BD0628751C1C6B4300D6D376 /* Supporting */,
				BDE715721C14ACD9003BDE12 /* View */,
				BD543BCE1C093D750059280B /* Controllers */,
				BD543BCD1C093D620059280B /* Model */,
				BD543B9F1C093D030059280B /* AppDelegate.swift */,
				BD543BA31C093D030059280B /* Main.storyboard */,
				BD543BA61C093D030059280B /* Assets.xcassets */,
				BD543BA81C093D030059280B /* LaunchScreen.storyboard */,
				BD543BAB1C093D030059280B /* Info.plist */,
			);
			path = "On The Map";
			sourceTree = "<group>";
		};
		BD543BB31C093D030059280B /* On The MapTests */ = {
			isa = PBXGroup;
			children = (
				BD543BB41C093D030059280B /* On_The_MapTests.swift */,
				BD543BB61C093D030059280B /* Info.plist */,
			);
			path = "On The MapTests";
			sourceTree = "<group>";
		};
		BD543BBE1C093D030059280B /* On The MapUITests */ = {
			isa = PBXGroup;
			children = (
				BD543BBF1C093D030059280B /* On_The_MapUITests.swift */,
				BD543BC11C093D030059280B /* Info.plist */,
			);
			path = "On The MapUITests";
			sourceTree = "<group>";
		};
		BD543BCD1C093D620059280B /* Model */ = {
			isa = PBXGroup;
			children = (
				BDE715611C09ED79003BDE12 /* Client */,
				BD6524151C190EA20086E82F /* ShareStudentData.swift */,
			);
			name = Model;
			sourceTree = "<group>";
		};
		BD543BCE1C093D750059280B /* Controllers */ = {
			isa = PBXGroup;
			children = (
				BD543BA11C093D030059280B /* LoginViewController.swift */,
				BDE715681C0B44F1003BDE12 /* WebViewController.swift */,
				BDE7156C1C0C930C003BDE12 /* MapViewController.swift */,
				BDE7156E1C10ACB7003BDE12 /* TableViewController.swift */,
				BDE715701C1370F6003BDE12 /* InfoPostViewController.swift */,
			);
			name = Controllers;
			sourceTree = "<group>";
		};
		BD674CA31C25BAE500E2252B /* Frameworks */ = {
			isa = PBXGroup;
			children = (
			);
			name = Frameworks;
			sourceTree = "<group>";
		};
		BDE715611C09ED79003BDE12 /* Client */ = {
			isa = PBXGroup;
			children = (
				BDE715621C09EE06003BDE12 /* UdacityParseClient.swift */,
				BDE715641C09EF0C003BDE12 /* UdacityStudent.swift */,
				BDE715661C09F075003BDE12 /* UdacityParseConstants.swift */,
				BDE7156A1C0B52DB003BDE12 /* UdacityParseConvenience.swift */,
			);
			name = Client;
			sourceTree = "<group>";
		};
		BDE715721C14ACD9003BDE12 /* View */ = {
			isa = PBXGroup;
			children = (
				BDE715731C14AD06003BDE12 /* SpecialButton.swift */,
			);
			name = View;
			sourceTree = "<group>";
		};
/* End PBXGroup section */

/* Begin PBXNativeTarget section */
		BD543B9B1C093D030059280B /* On The Map */ = {
			isa = PBXNativeTarget;
			buildConfigurationList = BD543BC41C093D030059280B /* Build configuration list for PBXNativeTarget "On The Map" */;
			buildPhases = (
				BD543B981C093D030059280B /* Sources */,
				BD543B991C093D030059280B /* Frameworks */,
				BD543B9A1C093D030059280B /* Resources */,
			);
			buildRules = (
			);
			dependencies = (
			);
			name = "On The Map";
			productName = "On The Map";
			productReference = BD543B9C1C093D030059280B /* On The Map.app */;
			productType = "com.apple.product-type.application";
		};
		BD543BAF1C093D030059280B /* On The MapTests */ = {
			isa = PBXNativeTarget;
			buildConfigurationList = BD543BC71C093D030059280B /* Build configuration list for PBXNativeTarget "On The MapTests" */;
			buildPhases = (
				BD543BAC1C093D030059280B /* Sources */,
				BD543BAD1C093D030059280B /* Frameworks */,
				BD543BAE1C093D030059280B /* Resources */,
			);
			buildRules = (
			);
			dependencies = (
				BD543BB21C093D030059280B /* PBXTargetDependency */,
			);
			name = "On The MapTests";
			productName = "On The MapTests";
			productReference = BD543BB01C093D030059280B /* On The MapTests.xctest */;
			productType = "com.apple.product-type.bundle.unit-test";
		};
		BD543BBA1C093D030059280B /* On The MapUITests */ = {
			isa = PBXNativeTarget;
			buildConfigurationList = BD543BCA1C093D030059280B /* Build configuration list for PBXNativeTarget "On The MapUITests" */;
			buildPhases = (
				BD543BB71C093D030059280B /* Sources */,
				BD543BB81C093D030059280B /* Frameworks */,
				BD543BB91C093D030059280B /* Resources */,
			);
			buildRules = (
			);
			dependencies = (
				BD543BBD1C093D030059280B /* PBXTargetDependency */,
			);
			name = "On The MapUITests";
			productName = "On The MapUITests";
			productReference = BD543BBB1C093D030059280B /* On The MapUITests.xctest */;
			productType = "com.apple.product-type.bundle.ui-testing";
		};
/* End PBXNativeTarget section */

/* Begin PBXProject section */
		BD543B941C093D030059280B /* Project object */ = {
			isa = PBXProject;
			attributes = {
				LastSwiftUpdateCheck = 0710;
				LastUpgradeCheck = 0710;
				ORGANIZATIONNAME = "CelG Mobile LLC";
				TargetAttributes = {
					BD543B9B1C093D030059280B = {
						CreatedOnToolsVersion = 7.1.1;
					};
					BD543BAF1C093D030059280B = {
						CreatedOnToolsVersion = 7.1.1;
						TestTargetID = BD543B9B1C093D030059280B;
					};
					BD543BBA1C093D030059280B = {
						CreatedOnToolsVersion = 7.1.1;
						TestTargetID = BD543B9B1C093D030059280B;
					};
				};
			};
			buildConfigurationList = BD543B971C093D030059280B /* Build configuration list for PBXProject "On The Map" */;
			compatibilityVersion = "Xcode 3.2";
			developmentRegion = English;
			hasScannedForEncodings = 0;
			knownRegions = (
				en,
				Base,
			);
			mainGroup = BD543B931C093D030059280B;
			productRefGroup = BD543B9D1C093D030059280B /* Products */;
			projectDirPath = "";
			projectRoot = "";
			targets = (
				BD543B9B1C093D030059280B /* On The Map */,
				BD543BAF1C093D030059280B /* On The MapTests */,
				BD543BBA1C093D030059280B /* On The MapUITests */,
			);
		};
/* End PBXProject section */

/* Begin PBXResourcesBuildPhase section */
		BD543B9A1C093D030059280B /* Resources */ = {
			isa = PBXResourcesBuildPhase;
			buildActionMask = 2147483647;
			files = (
				BD543BAA1C093D030059280B /* LaunchScreen.storyboard in Resources */,
				BD543BA71C093D030059280B /* Assets.xcassets in Resources */,
				BD543BA51C093D030059280B /* Main.storyboard in Resources */,
			);
			runOnlyForDeploymentPostprocessing = 0;
		};
		BD543BAE1C093D030059280B /* Resources */ = {
			isa = PBXResourcesBuildPhase;
			buildActionMask = 2147483647;
			files = (
			);
			runOnlyForDeploymentPostprocessing = 0;
		};
		BD543BB91C093D030059280B /* Resources */ = {
			isa = PBXResourcesBuildPhase;
			buildActionMask = 2147483647;
			files = (
			);
			runOnlyForDeploymentPostprocessing = 0;
		};
/* End PBXResourcesBuildPhase section */

/* Begin PBXSourcesBuildPhase section */
		BD543B981C093D030059280B /* Sources */ = {
			isa = PBXSourcesBuildPhase;
			buildActionMask = 2147483647;
			files = (
				BDE7156B1C0B52DB003BDE12 /* UdacityParseConvenience.swift in Sources */,
				BD543BA21C093D030059280B /* LoginViewController.swift in Sources */,
				BDE715691C0B44F1003BDE12 /* WebViewController.swift in Sources */,
				BDE715711C1370F6003BDE12 /* InfoPostViewController.swift in Sources */,
				BDE715651C09EF0C003BDE12 /* UdacityStudent.swift in Sources */,
				BDE715671C09F075003BDE12 /* UdacityParseConstants.swift in Sources */,
				BDE715631C09EE06003BDE12 /* UdacityParseClient.swift in Sources */,
				BDE715741C14AD06003BDE12 /* SpecialButton.swift in Sources */,
				BDE7156F1C10ACB7003BDE12 /* TableViewController.swift in Sources */,
				BD6524161C190EA20086E82F /* ShareStudentData.swift in Sources */,
				BD543BA01C093D030059280B /* AppDelegate.swift in Sources */,
				BDE7156D1C0C930C003BDE12 /* MapViewController.swift in Sources */,
				BD0628771C1C6B8200D6D376 /* Reachability.swift in Sources */,
			);
			runOnlyForDeploymentPostprocessing = 0;
		};
		BD543BAC1C093D030059280B /* Sources */ = {
			isa = PBXSourcesBuildPhase;
			buildActionMask = 2147483647;
			files = (
				BD543BB51C093D030059280B /* On_The_MapTests.swift in Sources */,
			);
			runOnlyForDeploymentPostprocessing = 0;
		};
		BD543BB71C093D030059280B /* Sources */ = {
			isa = PBXSourcesBuildPhase;
			buildActionMask = 2147483647;
			files = (
				BD543BC01C093D030059280B /* On_The_MapUITests.swift in Sources */,
			);
			runOnlyForDeploymentPostprocessing = 0;
		};
/* End PBXSourcesBuildPhase section */

/* Begin PBXTargetDependency section */
		BD543BB21C093D030059280B /* PBXTargetDependency */ = {
			isa = PBXTargetDependency;
			target = BD543B9B1C093D030059280B /* On The Map */;
			targetProxy = BD543BB11C093D030059280B /* PBXContainerItemProxy */;
		};
		BD543BBD1C093D030059280B /* PBXTargetDependency */ = {
			isa = PBXTargetDependency;
			target = BD543B9B1C093D030059280B /* On The Map */;
			targetProxy = BD543BBC1C093D030059280B /* PBXContainerItemProxy */;
		};
/* End PBXTargetDependency section */

/* Begin PBXVariantGroup section */
		BD543BA31C093D030059280B /* Main.storyboard */ = {
			isa = PBXVariantGroup;
			children = (
				BD543BA41C093D030059280B /* Base */,
			);
			name = Main.storyboard;
			sourceTree = "<group>";
		};
		BD543BA81C093D030059280B /* LaunchScreen.storyboard */ = {
			isa = PBXVariantGroup;
			children = (
				BD543BA91C093D030059280B /* Base */,
			);
			name = LaunchScreen.storyboard;
			sourceTree = "<group>";
		};
/* End PBXVariantGroup section */

/* Begin XCBuildConfiguration section */
		BD543BC21C093D030059280B /* Debug */ = {
			isa = XCBuildConfiguration;
			buildSettings = {
				ALWAYS_SEARCH_USER_PATHS = NO;
				CLANG_CXX_LANGUAGE_STANDARD = "gnu++0x";
				CLANG_CXX_LIBRARY = "libc++";
				CLANG_ENABLE_MODULES = YES;
				CLANG_ENABLE_OBJC_ARC = YES;
				CLANG_WARN_BOOL_CONVERSION = YES;
				CLANG_WARN_CONSTANT_CONVERSION = YES;
				CLANG_WARN_DIRECT_OBJC_ISA_USAGE = YES_ERROR;
				CLANG_WARN_EMPTY_BODY = YES;
				CLANG_WARN_ENUM_CONVERSION = YES;
				CLANG_WARN_INT_CONVERSION = YES;
				CLANG_WARN_OBJC_ROOT_CLASS = YES_ERROR;
				CLANG_WARN_UNREACHABLE_CODE = YES;
				CLANG_WARN__DUPLICATE_METHOD_MATCH = YES;
				"CODE_SIGN_IDENTITY[sdk=iphoneos*]" = "iPhone Developer";
				COPY_PHASE_STRIP = NO;
				DEBUG_INFORMATION_FORMAT = dwarf;
				ENABLE_STRICT_OBJC_MSGSEND = YES;
				ENABLE_TESTABILITY = YES;
				GCC_C_LANGUAGE_STANDARD = gnu99;
				GCC_DYNAMIC_NO_PIC = NO;
				GCC_NO_COMMON_BLOCKS = YES;
				GCC_OPTIMIZATION_LEVEL = 0;
				GCC_PREPROCESSOR_DEFINITIONS = (
					"DEBUG=1",
					"$(inherited)",
				);
				GCC_WARN_64_TO_32_BIT_CONVERSION = YES;
				GCC_WARN_ABOUT_RETURN_TYPE = YES_ERROR;
				GCC_WARN_UNDECLARED_SELECTOR = YES;
				GCC_WARN_UNINITIALIZED_AUTOS = YES_AGGRESSIVE;
				GCC_WARN_UNUSED_FUNCTION = YES;
				GCC_WARN_UNUSED_VARIABLE = YES;
				IPHONEOS_DEPLOYMENT_TARGET = 9.1;
				MTL_ENABLE_DEBUG_INFO = YES;
				ONLY_ACTIVE_ARCH = YES;
				SDKROOT = iphoneos;
				SWIFT_OPTIMIZATION_LEVEL = "-Onone";
			};
			name = Debug;
		};
		BD543BC31C093D030059280B /* Release */ = {
			isa = XCBuildConfiguration;
			buildSettings = {
				ALWAYS_SEARCH_USER_PATHS = NO;
				CLANG_CXX_LANGUAGE_STANDARD = "gnu++0x";
				CLANG_CXX_LIBRARY = "libc++";
				CLANG_ENABLE_MODULES = YES;
				CLANG_ENABLE_OBJC_ARC = YES;
				CLANG_WARN_BOOL_CONVERSION = YES;
				CLANG_WARN_CONSTANT_CONVERSION = YES;
				CLANG_WARN_DIRECT_OBJC_ISA_USAGE = YES_ERROR;
				CLANG_WARN_EMPTY_BODY = YES;
				CLANG_WARN_ENUM_CONVERSION = YES;
				CLANG_WARN_INT_CONVERSION = YES;
				CLANG_WARN_OBJC_ROOT_CLASS = YES_ERROR;
				CLANG_WARN_UNREACHABLE_CODE = YES;
				CLANG_WARN__DUPLICATE_METHOD_MATCH = YES;
				"CODE_SIGN_IDENTITY[sdk=iphoneos*]" = "iPhone Developer";
				COPY_PHASE_STRIP = NO;
				DEBUG_INFORMATION_FORMAT = "dwarf-with-dsym";
				ENABLE_NS_ASSERTIONS = NO;
				ENABLE_STRICT_OBJC_MSGSEND = YES;
				GCC_C_LANGUAGE_STANDARD = gnu99;
				GCC_NO_COMMON_BLOCKS = YES;
				GCC_WARN_64_TO_32_BIT_CONVERSION = YES;
				GCC_WARN_ABOUT_RETURN_TYPE = YES_ERROR;
				GCC_WARN_UNDECLARED_SELECTOR = YES;
				GCC_WARN_UNINITIALIZED_AUTOS = YES_AGGRESSIVE;
				GCC_WARN_UNUSED_FUNCTION = YES;
				GCC_WARN_UNUSED_VARIABLE = YES;
				IPHONEOS_DEPLOYMENT_TARGET = 9.1;
				MTL_ENABLE_DEBUG_INFO = NO;
				SDKROOT = iphoneos;
				VALIDATE_PRODUCT = YES;
			};
			name = Release;
		};
		BD543BC51C093D030059280B /* Debug */ = {
			isa = XCBuildConfiguration;
			buildSettings = {
				ASSETCATALOG_COMPILER_APPICON_NAME = AppIcon;
				INFOPLIST_FILE = "On The Map/Info.plist";
				LD_RUNPATH_SEARCH_PATHS = "$(inherited) @executable_path/Frameworks";
				PRODUCT_BUNDLE_IDENTIFIER = "celgmobile.com.On-The-Map";
				PRODUCT_NAME = "$(TARGET_NAME)";
			};
			name = Debug;
		};
		BD543BC61C093D030059280B /* Release */ = {
			isa = XCBuildConfiguration;
			buildSettings = {
				ASSETCATALOG_COMPILER_APPICON_NAME = AppIcon;
				INFOPLIST_FILE = "On The Map/Info.plist";
				LD_RUNPATH_SEARCH_PATHS = "$(inherited) @executable_path/Frameworks";
				PRODUCT_BUNDLE_IDENTIFIER = "celgmobile.com.On-The-Map";
				PRODUCT_NAME = "$(TARGET_NAME)";
			};
			name = Release;
		};
		BD543BC81C093D030059280B /* Debug */ = {
			isa = XCBuildConfiguration;
			buildSettings = {
				BUNDLE_LOADER = "$(TEST_HOST)";
				INFOPLIST_FILE = "On The MapTests/Info.plist";
				LD_RUNPATH_SEARCH_PATHS = "$(inherited) @executable_path/Frameworks @loader_path/Frameworks";
				PRODUCT_BUNDLE_IDENTIFIER = "celgmobile.com.On-The-MapTests";
				PRODUCT_NAME = "$(TARGET_NAME)";
				TEST_HOST = "$(BUILT_PRODUCTS_DIR)/On The Map.app/On The Map";
			};
			name = Debug;
		};
		BD543BC91C093D030059280B /* Release */ = {
			isa = XCBuildConfiguration;
			buildSettings = {
				BUNDLE_LOADER = "$(TEST_HOST)";
				INFOPLIST_FILE = "On The MapTests/Info.plist";
				LD_RUNPATH_SEARCH_PATHS = "$(inherited) @executable_path/Frameworks @loader_path/Frameworks";
				PRODUCT_BUNDLE_IDENTIFIER = "celgmobile.com.On-The-MapTests";
				PRODUCT_NAME = "$(TARGET_NAME)";
				TEST_HOST = "$(BUILT_PRODUCTS_DIR)/On The Map.app/On The Map";
			};
			name = Release;
		};
		BD543BCB1C093D030059280B /* Debug */ = {
			isa = XCBuildConfiguration;
			buildSettings = {
				INFOPLIST_FILE = "On The MapUITests/Info.plist";
				LD_RUNPATH_SEARCH_PATHS = "$(inherited) @executable_path/Frameworks @loader_path/Frameworks";
				PRODUCT_BUNDLE_IDENTIFIER = "celgmobile.com.On-The-MapUITests";
				PRODUCT_NAME = "$(TARGET_NAME)";
				TEST_TARGET_NAME = "On The Map";
				USES_XCTRUNNER = YES;
			};
			name = Debug;
		};
		BD543BCC1C093D030059280B /* Release */ = {
			isa = XCBuildConfiguration;
			buildSettings = {
				INFOPLIST_FILE = "On The MapUITests/Info.plist";
				LD_RUNPATH_SEARCH_PATHS = "$(inherited) @executable_path/Frameworks @loader_path/Frameworks";
				PRODUCT_BUNDLE_IDENTIFIER = "celgmobile.com.On-The-MapUITests";
				PRODUCT_NAME = "$(TARGET_NAME)";
				TEST_TARGET_NAME = "On The Map";
				USES_XCTRUNNER = YES;
			};
			name = Release;
		};
/* End XCBuildConfiguration section */

/* Begin XCConfigurationList section */
		BD543B971C093D030059280B /* Build configuration list for PBXProject "On The Map" */ = {
			isa = XCConfigurationList;
			buildConfigurations = (
				BD543BC21C093D030059280B /* Debug */,
				BD543BC31C093D030059280B /* Release */,
			);
			defaultConfigurationIsVisible = 0;
			defaultConfigurationName = Release;
		};
		BD543BC41C093D030059280B /* Build configuration list for PBXNativeTarget "On The Map" */ = {
			isa = XCConfigurationList;
			buildConfigurations = (
				BD543BC51C093D030059280B /* Debug */,
				BD543BC61C093D030059280B /* Release */,
			);
			defaultConfigurationIsVisible = 0;
			defaultConfigurationName = Release;
		};
		BD543BC71C093D030059280B /* Build configuration list for PBXNativeTarget "On The MapTests" */ = {
			isa = XCConfigurationList;
			buildConfigurations = (
				BD543BC81C093D030059280B /* Debug */,
				BD543BC91C093D030059280B /* Release */,
			);
			defaultConfigurationIsVisible = 0;
			defaultConfigurationName = Release;
		};
		BD543BCA1C093D030059280B /* Build configuration list for PBXNativeTarget "On The MapUITests" */ = {
			isa = XCConfigurationList;
			buildConfigurations = (
				BD543BCB1C093D030059280B /* Debug */,
				BD543BCC1C093D030059280B /* Release */,
			);
			defaultConfigurationIsVisible = 0;
			defaultConfigurationName = Release;
		};
/* End XCConfigurationList section */
	};
	rootObject = BD543B941C093D030059280B /* Project object */;
}
